<?xml version="1.0" encoding="utf-8"?>
<Project ToolsVersion="4.0" xmlns="http://schemas.microsoft.com/developer/msbuild/2003">
  <ItemGroup>
    <Filter Include="Source Files">
      <UniqueIdentifier>{4FC737F1-C7A5-4376-A066-2A32D752A2FF}</UniqueIdentifier>
      <Extensions>cpp;c;cc;cxx;def;odl;idl;hpj;bat;asm;asmx</Extensions>
    </Filter>
    <Filter Include="Header Files">
      <UniqueIdentifier>{93995380-89BD-4b04-88EB-625FBE52EBFB}</UniqueIdentifier>
      <Extensions>h;hpp;hxx;hm;inl;inc;xsd</Extensions>
    </Filter>
    <Filter Include="Resource Files">
      <UniqueIdentifier>{67DA6AB6-F800-4c08-8B7A-83BB121AAD01}</UniqueIdentifier>
      <Extensions>rc;ico;cur;bmp;dlg;rc2;rct;bin;rgs;gif;jpg;jpeg;jpe;resx;tiff;tif;png;wav</Extensions>
    </Filter>
    <Filter Include="compress">
      <UniqueIdentifier>{1b4eaf3b-d671-42bb-a262-b0026167d231}</UniqueIdentifier>
    </Filter>
  </ItemGroup>
  <ItemGroup>
    <ClCompile Include="src\dirscan.cpp">
      <Filter>Source Files</Filter>
    </ClCompile>
    <ClCompile Include="src\llcmp.cpp">
      <Filter>Source Files</Filter>
    </ClCompile>
    <ClCompile Include="src\llcopy.cpp">
      <Filter>Source Files</Filter>
    </ClCompile>
    <ClCompile Include="src\lldel.cpp">
      <Filter>Source Files</Filter>
    </ClCompile>
    <ClCompile Include="src\lldir.cpp">
      <Filter>Source Files</Filter>
    </ClCompile>
    <ClCompile Include="src\lldirSort.cpp">
      <Filter>Source Files</Filter>
    </ClCompile>
    <ClCompile Include="src\llexec.cpp">
      <Filter>Source Files</Filter>
    </ClCompile>
    <ClCompile Include="src\llfile.cpp">
      <Filter>Source Files</Filter>
    </ClCompile>
    <ClCompile Include="src\llfind.cpp">
      <Filter>Source Files</Filter>
    </ClCompile>
    <ClCompile Include="src\llmove.cpp">
      <Filter>Source Files</Filter>
    </ClCompile>
    <ClCompile Include="src\llprintf.cpp">
      <Filter>Source Files</Filter>
    </ClCompile>
    <ClCompile Include="src\llsupport.cpp">
      <Filter>Source Files</Filter>
    </ClCompile>
    <ClCompile Include="src\LocaleFmt.cpp">
      <Filter>Source Files</Filter>
    </ClCompile>
    <ClCompile Include="src\Compress\compress.cpp">
      <Filter>compress</Filter>
    </ClCompile>
    <ClCompile Include="src\Compress\minilzo.c">
      <Filter>compress</Filter>
    </ClCompile>
    <ClCompile Include="src\Security.cpp">
      <Filter>Source Files</Filter>
    </ClCompile>
    <ClCompile Include="src\llpath.cpp">
      <Filter>Source Files</Filter>
    </ClCompile>
    <ClCompile Include="src\llbase.cpp">
      <Filter>Source Files</Filter>
    </ClCompile>
    <ClCompile Include="src\llstring.cpp">
      <Filter>Source Files</Filter>
    </ClCompile>
    <ClCompile Include="src\llmsg.cpp">
      <Filter>Source Files</Filter>
    </ClCompile>
    <ClCompile Include="src\getopt.cpp">
      <Filter>Source Files</Filter>
    </ClCompile>
    <ClCompile Include="src\hash.cpp">
      <Filter>Source Files</Filter>
    </ClCompile>
    <ClCompile Include="src\llreplace.cpp">
      <Filter>Source Files</Filter>
    </ClCompile>
    <ClCompile Include="src\MemMapFile.cpp">
      <Filter>Source Files</Filter>
    </ClCompile>
  </ItemGroup>
  <ItemGroup>
    <ClInclude Include="src\comma.h">
      <Filter>Header Files</Filter>
    </ClInclude>
    <ClInclude Include="src\dirscan.h">
      <Filter>Header Files</Filter>
    </ClInclude>
    <ClInclude Include="src\getopt.h">
      <Filter>Header Files</Filter>
    </ClInclude>
    <ClInclude Include="src\llcmp.h">
      <Filter>Header Files</Filter>
    </ClInclude>
    <ClInclude Include="src\llcopy.h">
      <Filter>Header Files</Filter>
    </ClInclude>
    <ClInclude Include="src\lldel.h">
      <Filter>Header Files</Filter>
    </ClInclude>
    <ClInclude Include="src\lldir.h">
      <Filter>Header Files</Filter>
    </ClInclude>
    <ClInclude Include="src\lldirSort.h">
      <Filter>Header Files</Filter>
    </ClInclude>
    <ClInclude Include="src\llexec.h">
      <Filter>Header Files</Filter>
    </ClInclude>
    <ClInclude Include="src\llfind.h">
      <Filter>Header Files</Filter>
    </ClInclude>
    <ClInclude Include="src\llmove.h">
      <Filter>Header Files</Filter>
    </ClInclude>
    <ClInclude Include="src\llprintf.h">
      <Filter>Header Files</Filter>
    </ClInclude>
    <ClInclude Include="src\llsupport.h">
      <Filter>Header Files</Filter>
    </ClInclude>
    <ClInclude Include="src\LocaleFmt.h">
      <Filter>Header Files</Filter>
    </ClInclude>
    <ClInclude Include="src\Compress\minilzo.h">
      <Filter>compress</Filter>
    </ClInclude>
    <ClInclude Include="src\Security.h">
      <Filter>Header Files</Filter>
    </ClInclude>
    <ClInclude Include="src\llerrMsgs.h">
      <Filter>Header Files</Filter>
    </ClInclude>
    <ClInclude Include="src\llstring.h">
      <Filter>Header Files</Filter>
    </ClInclude>
    <ClInclude Include="src\llpath.h">
      <Filter>Header Files</Filter>
    </ClInclude>
    <ClInclude Include="src\llbase.h">
      <Filter>Header Files</Filter>
    </ClInclude>
    <ClInclude Include="src\llmsg.h">
      <Filter>Header Files</Filter>
    </ClInclude>
    <ClInclude Include="src\ll_stdhdr.h">
      <Filter>Header Files</Filter>
    </ClInclude>
    <ClInclude Include="src\hash.h">
      <Filter>Header Files</Filter>
    </ClInclude>
    <ClInclude Include="src\llreplace.h">
      <Filter>Header Files</Filter>
    </ClInclude>
    <ClInclude Include="src\MemMapFile.h">
      <Filter>Header Files</Filter>
    </ClInclude>
    <ClInclude Include="src\Handle.h">
      <Filter>Header Files</Filter>
    </ClInclude>
    <ClInclude Include="resource.h">
      <Filter>Header Files</Filter>
    </ClInclude>
  </ItemGroup>
  <ItemGroup>
    <None Include="llfile-install.bat">
      <Filter>Resource Files</Filter>
    </None>
  </ItemGroup>
  <ItemGroup>
    <ResourceCompile Include="Resource.rc">
      <Filter>Resource Files</Filter>
    </ResourceCompile>
  </ItemGroup>
</Project>